github.com/bclicn/color v0.0.0-20180711051946-108f2023dc84 h1:cutFptzj+ospnc1PETUqcSVTH3VQ44Bi0rpt3nE9gvo=
github.com/bclicn/color v0.0.0-20180711051946-108f2023dc84/go.mod h1:Va9ap1qxjAWkIVaW1E9rH0aNgE8SDI5A4n8Ds8P0fAA=
github.com/benitogf/coat v0.0.0-20200402073050-ff807656cbec h1:I2p/9YsiAMB+J2DrC+e7OvEWZCmpwolMQ23ejoEMFEE=
github.com/benitogf/coat v0.0.0-20200402073050-ff807656cbec/go.mod h1:hl/Xd8DKuMgC/ClZ2dPZz6mvXaxdkjrt0mr0+jF4UkQ=
github.com/benitogf/jsondiff v0.0.0-20220926080659-c3db9b84b559 h1:0ERndS9JkEvEq/yXjiZq41lMb3QfmQWUIXycjkRbWOc=
github.com/benitogf/jsondiff v0.0.0-20220926080659-c3db9b84b559/go.mod h1:gg2qmcNCGq/FXh5kQpsaEIf6GebYe2JMKrDSqZkuImc=
github.com/benitogf/jsonpatch v0.0.0-20220924150135-fc4b5c761ac7 h1:bD4MAvpNi2d2kE/gbgRqQAs2ulu36brqQpv2olg8hqk=
github.com/benitogf/jsonpatch v0.0.0-20220924150135-fc4b5c761ac7/go.mod h1:O1Z+hTPUrXzHUjmKlpmNYK9wcncZ5rS3K8PqItDO0x0=
github.com/benitogf/ooo v0.0.0-20221030074718-d54bec6d4910 h1:7UWxy9y9I2ca+rQ8wUh41ycQI6YlOO7RVl87mHnQgr4=
github.com/benitogf/ooo v0.0.0-20221030074718-d54bec6d4910/go.mod h1:56u3Lql2KRvyn/Y18VSZ7XCttCcz1WMFaiov4LE1Sb0=
github.com/creack/pty v1.1.9/go.mod h1:oKZEueFk5CKHvIhNR5MUki03XCEU+Q6VDXinZuGJ33E=
github.com/davecgh/go-spew v1.1.0/go.mod h1:J7Y8YcW2NihsgmVo/mv3lAwl/skON4iLHjSsI+c5H38=
github.com/davecgh/go-spew v1.1.1 h1:vj9j/u1bqnvCEfJOwUhtlOARqs3+rkHYY13jYWTU97c=
github.com/davecgh/go-spew v1.1.1/go.mod h1:J7Y8YcW2NihsgmVo/mv3lAwl/skON4iLHjSsI+c5H38=
github.com/felixge/httpsnoop v1.0.1/go.mod h1:m8KPJKqk1gH5J9DgRY2ASl2lWCfGKXixSwevea8zH2U=
github.com/felixge/httpsnoop v1.0.3 h1:s/nj+GCswXYzN5v2DpNMuMQYe+0DDwt5WVCU6CWBdXk=
github.com/felixge/httpsnoop v1.0.3/go.mod h1:m8KPJKqk1gH5J9DgRY2ASl2lWCfGKXixSwevea8zH2U=
github.com/getlantern/httptest v0.0.0-20161025015934-4b40f4c7e590 h1:OhyiFx+yBN30O3IHrIq+9LAEhy6o7fin21wUQxF8NiE=
github.com/getlantern/mockconn v0.0.0-20200818071412-cb30d065a848 h1:2MhMMVBTnaHrst6HyWFDhwQCaJ05PZuOv1bE2gN8WFY=
github.com/goccy/go-json v0.9.11 h1:/pAaQDLHEoCq/5FFmSKBswWmK6H0e8g4159Kc/X/nqk=
github.com/goccy/go-json v0.9.11/go.mod h1:6MelG93GURQebXPDq3khkgXZkazVtN9CRI+MGFi0w8I=
github.com/gorilla/handlers v1.5.1 h1:9lRY6j8DEeeBT10CvO9hGW0gmky0BprnvDI5vfhUHH4=
github.com/gorilla/handlers v1.5.1/go.mod h1:t8XrUpc4KVXb7HGyJ4/cEnwQiaxrX/hz1Zv/4g96P1Q=
github.com/gorilla/mux v1.8.0 h1:i40aqfkR1h2SlN9hojwV5ZA91wcXFOvkdNIeFDP5koI=
github.com/gorilla/mux v1.8.0/go.mod h1:DVbg23sWSpFRCP0SfiEN6jmj59UnW/n46BH5rLB71So=
github.com/gorilla/websocket v1.5.0 h1:PPwGk2jz7EePpoHN/+ClbZu8SPxiqlu12wZP/3sWmnc=
github.com/gorilla/websocket v1.5.0/go.mod h1:YR8l580nyteQvAITg2hZ9XVh4b55+EU/adAjf1fMHhE=
github.com/kr/pretty v0.3.1 h1:flRD4NNwYAUpkphVc1HcthR4KEIFJ65n8Mw5qdRn3LE=
github.com/kr/pretty v0.3.1/go.mod h1:hoEshYVHaxMs3cyo3Yncou5ZscifuDolrwPKZanG3xk=
github.com/kr/text v0.2.0 h1:5Nx0Ya0ZqY2ygV366QzturHI13Jq95ApcVaJBhpS+AY=
github.com/kr/text v0.2.0/go.mod h1:eLer722TekiGuMkidMxC/pM04lWEeraHUUmBw8l2grE=
github.com/pkg/diff v0.0.0-20210226163009-20ebb0f2a09e/go.mod h1:pJLUxLENpZxwdsKMEsNbx1VGcRFpLqf3715MtcvvzbA=
github.com/pkg/expect v0.0.0-20191209053905-1fe4c9394a8a h1:vt+MDYAsRPsJSRWY9m6ll8NEU3NR1H6uPuoTxkRwyyk=
github.com/pkg/expect v0.0.0-20191209053905-1fe4c9394a8a/go.mod h1:FWZrgn7FR+z4swTr6vGIJQu0ZPLHThpHDSTgzlIOQ9Y=
github.com/pmezard/go-difflib v1.0.0 h1:4DBwDE0NGyQoBHbLQYPwSUPoCMWR5BEzIk/f1lZbAQM=
github.com/pmezard/go-difflib v1.0.0/go.mod h1:iKH77koFhYxTK1pcRnkKkqfTogsbg7gZNVY4sRDYZ/4=
github.com/rogpeppe/go-internal v1.9.0 h1:73kH8U+JUqXU8lRuOHeVHaa/SZPifC7BkcraZVejAe8=
github.com/rogpeppe/go-internal v1.9.0/go.mod h1:WtVeX8xhTBvf0smdhujwtBcq4Qrzq/fJaraNFVN+nFs=
github.com/rs/cors v1.8.2 h1:KCooALfAYGs415Cwu5ABvv9n9509fSiG5SQJn/AQo4U=
github.com/rs/cors v1.8.2/go.mod h1:XyqrcTp5zjWr1wsJ8PIRZssZ8b/WMcMf71DJnit4EMU=
github.com/stretchr/objx v0.1.0/go.mod h1:HFkY916IF+rwdDfMAkV7OtwuqBVzrE8GR6GFx+wExME=
github.com/stretchr/objx v0.4.0/go.mod h1:YvHI0jy2hoMjB+UWwv71VJQ9isScKT/TqJzVSSt89Yw=
github.com/stretchr/testify v1.7.1/go.mod h1:6Fq8oRcR53rry900zMqJjRRixrwX3KX962/h/Wwjteg=
github.com/stretchr/testify v1.8.0 h1:pSgiaMZlXftHpm5L7V1+rVB+AZJydKsMxsQBIJw4PKk=
github.com/stretchr/testify v1.8.0/go.mod h1:yNjHg4UonilssWZ8iaSj1OCr/vHnekPRkoO+kdMU+MU=
gopkg.in/check.v1 v0.0.0-20161208181325-20d25e280405/go.mod h1:Co6ibVJAznAaIkqp8huTwlJQCZ016jof/cbN4VW5Yz0=
gopkg.in/check.v1 v1.0.0-20201130134442-10cb98267c6c h1:Hei/4ADfdWqJk1ZMxUNpqntNwaWcugrBjAiHlqqRiVk=
gopkg.in/yaml.v3 v3.0.0-20200313102051-9f266ea9e77c/go.mod h1:K4uyk7z7BCEPqu6E+C64Yfv1cQ7kz7rIZviUmN+EgEM=
gopkg.in/yaml.v3 v3.0.1 h1:fxVm/GzAzEWqLHuvctI91KS9hhNmmWOoWu0XTYJS7CA=
gopkg.in/yaml.v3 v3.0.1/go.mod h1:K4uyk7z7BCEPqu6E+C64Yfv1cQ7kz7rIZviUmN+EgEM=
